
Microsoft Visual Studio Solution File, Format Version 12.00
# Visual Studio 15
VisualStudioVersion = 15.0.28307.438
MinimumVisualStudioVersion = 10.0.40219.1
Project("{FAE04EC0-301F-11D3-BF4B-00C04F79EFBC}") = "Holamundo.Android", "Holamundo\Holamundo.Android\Holamundo.Android.csproj", "{9B8C9CCF-1DD6-4050-AB4B-40D5B1CF1D09}"
EndProject
Project("{FAE04EC0-301F-11D3-BF4B-00C04F79EFBC}") = "Holamundo.iOS", "Holamundo\Holamundo.iOS\Holamundo.iOS.csproj", "{7D2E35D1-75D7-4996-BE5E-48B23B784934}"
EndProject
Project("{FAE04EC0-301F-11D3-BF4B-00C04F79EFBC}") = "Holamundo.UWP", "Holamundo\Holamundo.UWP\Holamundo.UWP.csproj", "{9D400270-E996-4B1D-B8F5-B90AB3E735C7}"
EndProject
Project("{FAE04EC0-301F-11D3-BF4B-00C04F79EFBC}") = "Holamundo", "Holamundo\Holamundo\Holamundo.csproj", "{48C70979-75F8-4ED6-A15A-75A816A40536}"
EndProject
Global
	GlobalSection(SolutionConfigurationPlatforms) = preSolution
		Ad-Hoc|Any CPU = Ad-Hoc|Any CPU
		Ad-Hoc|ARM = Ad-Hoc|ARM
		Ad-Hoc|iPhone = Ad-Hoc|iPhone
		Ad-Hoc|iPhoneSimulator = Ad-Hoc|iPhoneSimulator
		Ad-Hoc|x64 = Ad-Hoc|x64
		Ad-Hoc|x86 = Ad-Hoc|x86
		AppStore|Any CPU = AppStore|Any CPU
		AppStore|ARM = AppStore|ARM
		AppStore|iPhone = AppStore|iPhone
		AppStore|iPhoneSimulator = AppStore|iPhoneSimulator
		AppStore|x64 = AppStore|x64
		AppStore|x86 = AppStore|x86
		Debug|Any CPU = Debug|Any CPU
		Debug|ARM = Debug|ARM
		Debug|iPhone = Debug|iPhone
		Debug|iPhoneSimulator = Debug|iPhoneSimulator
		Debug|x64 = Debug|x64
		Debug|x86 = Debug|x86
		Release|Any CPU = Release|Any CPU
		Release|ARM = Release|ARM
		Release|iPhone = Release|iPhone
		Release|iPhoneSimulator = Release|iPhoneSimulator
		Release|x64 = Release|x64
		Release|x86 = Release|x86
	EndGlobalSection
	GlobalSection(ProjectConfigurationPlatforms) = postSolution
		{9B8C9CCF-1DD6-4050-AB4B-40D5B1CF1D09}.Ad-Hoc|Any CPU.ActiveCfg = Release|Any CPU
		{9B8C9CCF-1DD6-4050-AB4B-40D5B1CF1D09}.Ad-Hoc|Any CPU.Build.0 = Release|Any CPU
		{9B8C9CCF-1DD6-4050-AB4B-40D5B1CF1D09}.Ad-Hoc|Any CPU.Deploy.0 = Release|Any CPU
		{9B8C9CCF-1DD6-4050-AB4B-40D5B1CF1D09}.Ad-Hoc|ARM.ActiveCfg = Release|Any CPU
		{9B8C9CCF-1DD6-4050-AB4B-40D5B1CF1D09}.Ad-Hoc|ARM.Build.0 = Release|Any CPU
		{9B8C9CCF-1DD6-4050-AB4B-40D5B1CF1D09}.Ad-Hoc|ARM.Deploy.0 = Release|Any CPU
		{9B8C9CCF-1DD6-4050-AB4B-40D5B1CF1D09}.Ad-Hoc|iPhone.ActiveCfg = Release|Any CPU
		{9B8C9CCF-1DD6-4050-AB4B-40D5B1CF1D09}.Ad-Hoc|iPhone.Build.0 = Release|Any CPU
		{9B8C9CCF-1DD6-4050-AB4B-40D5B1CF1D09}.Ad-Hoc|iPhone.Deploy.0 = Release|Any CPU
		{9B8C9CCF-1DD6-4050-AB4B-40D5B1CF1D09}.Ad-Hoc|iPhoneSimulator.ActiveCfg = Release|Any CPU
		{9B8C9CCF-1DD6-4050-AB4B-40D5B1CF1D09}.Ad-Hoc|iPhoneSimulator.Build.0 = Release|Any CPU
		{9B8C9CCF-1DD6-4050-AB4B-40D5B1CF1D09}.Ad-Hoc|iPhoneSimulator.Deploy.0 = Release|Any CPU
		{9B8C9CCF-1DD6-4050-AB4B-40D5B1CF1D09}.Ad-Hoc|x64.ActiveCfg = Release|Any CPU
		{9B8C9CCF-1DD6-4050-AB4B-40D5B1CF1D09}.Ad-Hoc|x64.Build.0 = Release|Any CPU
		{9B8C9CCF-1DD6-4050-AB4B-40D5B1CF1D09}.Ad-Hoc|x64.Deploy.0 = Release|Any CPU
		{9B8C9CCF-1DD6-4050-AB4B-40D5B1CF1D09}.Ad-Hoc|x86.ActiveCfg = Release|Any CPU
		{9B8C9CCF-1DD6-4050-AB4B-40D5B1CF1D09}.Ad-Hoc|x86.Build.0 = Release|Any CPU
		{9B8C9CCF-1DD6-4050-AB4B-40D5B1CF1D09}.Ad-Hoc|x86.Deploy.0 = Release|Any CPU
		{9B8C9CCF-1DD6-4050-AB4B-40D5B1CF1D09}.AppStore|Any CPU.ActiveCfg = Release|Any CPU
		{9B8C9CCF-1DD6-4050-AB4B-40D5B1CF1D09}.AppStore|Any CPU.Build.0 = Release|Any CPU
		{9B8C9CCF-1DD6-4050-AB4B-40D5B1CF1D09}.AppStore|Any CPU.Deploy.0 = Release|Any CPU
		{9B8C9CCF-1DD6-4050-AB4B-40D5B1CF1D09}.AppStore|ARM.ActiveCfg = Release|Any CPU
		{9B8C9CCF-1DD6-4050-AB4B-40D5B1CF1D09}.AppStore|ARM.Build.0 = Release|Any CPU
		{9B8C9CCF-1DD6-4050-AB4B-40D5B1CF1D09}.AppStore|ARM.Deploy.0 = Release|Any CPU
		{9B8C9CCF-1DD6-4050-AB4B-40D5B1CF1D09}.AppStore|iPhone.ActiveCfg = Release|Any CPU
		{9B8C9CCF-1DD6-4050-AB4B-40D5B1CF1D09}.AppStore|iPhone.Build.0 = Release|Any CPU
		{9B8C9CCF-1DD6-4050-AB4B-40D5B1CF1D09}.AppStore|iPhone.Deploy.0 = Release|Any CPU
		{9B8C9CCF-1DD6-4050-AB4B-40D5B1CF1D09}.AppStore|iPhoneSimulator.ActiveCfg = Release|Any CPU
		{9B8C9CCF-1DD6-4050-AB4B-40D5B1CF1D09}.AppStore|iPhoneSimulator.Build.0 = Release|Any CPU
		{9B8C9CCF-1DD6-4050-AB4B-40D5B1CF1D09}.AppStore|iPhoneSimulator.Deploy.0 = Release|Any CPU
		{9B8C9CCF-1DD6-4050-AB4B-40D5B1CF1D09}.AppStore|x64.ActiveCfg = Release|Any CPU
		{9B8C9CCF-1DD6-4050-AB4B-40D5B1CF1D09}.AppStore|x64.Build.0 = Release|Any CPU
		{9B8C9CCF-1DD6-4050-AB4B-40D5B1CF1D09}.AppStore|x64.Deploy.0 = Release|Any CPU
		{9B8C9CCF-1DD6-4050-AB4B-40D5B1CF1D09}.AppStore|x86.ActiveCfg = Release|Any CPU
		{9B8C9CCF-1DD6-4050-AB4B-40D5B1CF1D09}.AppStore|x86.Build.0 = Release|Any CPU
		{9B8C9CCF-1DD6-4050-AB4B-40D5B1CF1D09}.AppStore|x86.Deploy.0 = Release|Any CPU
		{9B8C9CCF-1DD6-4050-AB4B-40D5B1CF1D09}.Debug|Any CPU.ActiveCfg = Debug|Any CPU
		{9B8C9CCF-1DD6-4050-AB4B-40D5B1CF1D09}.Debug|Any CPU.Build.0 = Debug|Any CPU
		{9B8C9CCF-1DD6-4050-AB4B-40D5B1CF1D09}.Debug|Any CPU.Deploy.0 = Debug|Any CPU
		{9B8C9CCF-1DD6-4050-AB4B-40D5B1CF1D09}.Debug|ARM.ActiveCfg = Debug|Any CPU
		{9B8C9CCF-1DD6-4050-AB4B-40D5B1CF1D09}.Debug|ARM.Build.0 = Debug|Any CPU
		{9B8C9CCF-1DD6-4050-AB4B-40D5B1CF1D09}.Debug|ARM.Deploy.0 = Debug|Any CPU
		{9B8C9CCF-1DD6-4050-AB4B-40D5B1CF1D09}.Debug|iPhone.ActiveCfg = Debug|Any CPU
		{9B8C9CCF-1DD6-4050-AB4B-40D5B1CF1D09}.Debug|iPhone.Build.0 = Debug|Any CPU
		{9B8C9CCF-1DD6-4050-AB4B-40D5B1CF1D09}.Debug|iPhone.Deploy.0 = Debug|Any CPU
		{9B8C9CCF-1DD6-4050-AB4B-40D5B1CF1D09}.Debug|iPhoneSimulator.ActiveCfg = Debug|Any CPU
		{9B8C9CCF-1DD6-4050-AB4B-40D5B1CF1D09}.Debug|iPhoneSimulator.Build.0 = Debug|Any CPU
		{9B8C9CCF-1DD6-4050-AB4B-40D5B1CF1D09}.Debug|iPhoneSimulator.Deploy.0 = Debug|Any CPU
		{9B8C9CCF-1DD6-4050-AB4B-40D5B1CF1D09}.Debug|x64.ActiveCfg = Debug|Any CPU
		{9B8C9CCF-1DD6-4050-AB4B-40D5B1CF1D09}.Debug|x64.Build.0 = Debug|Any CPU
		{9B8C9CCF-1DD6-4050-AB4B-40D5B1CF1D09}.Debug|x64.Deploy.0 = Debug|Any CPU
		{9B8C9CCF-1DD6-4050-AB4B-40D5B1CF1D09}.Debug|x86.ActiveCfg = Debug|Any CPU
		{9B8C9CCF-1DD6-4050-AB4B-40D5B1CF1D09}.Debug|x86.Build.0 = Debug|Any CPU
		{9B8C9CCF-1DD6-4050-AB4B-40D5B1CF1D09}.Debug|x86.Deploy.0 = Debug|Any CPU
		{9B8C9CCF-1DD6-4050-AB4B-40D5B1CF1D09}.Release|Any CPU.ActiveCfg = Release|Any CPU
		{9B8C9CCF-1DD6-4050-AB4B-40D5B1CF1D09}.Release|Any CPU.Build.0 = Release|Any CPU
		{9B8C9CCF-1DD6-4050-AB4B-40D5B1CF1D09}.Release|Any CPU.Deploy.0 = Release|Any CPU
		{9B8C9CCF-1DD6-4050-AB4B-40D5B1CF1D09}.Release|ARM.ActiveCfg = Release|Any CPU
		{9B8C9CCF-1DD6-4050-AB4B-40D5B1CF1D09}.Release|ARM.Build.0 = Release|Any CPU
		{9B8C9CCF-1DD6-4050-AB4B-40D5B1CF1D09}.Release|ARM.Deploy.0 = Release|Any CPU
		{9B8C9CCF-1DD6-4050-AB4B-40D5B1CF1D09}.Release|iPhone.ActiveCfg = Release|Any CPU
		{9B8C9CCF-1DD6-4050-AB4B-40D5B1CF1D09}.Release|iPhone.Build.0 = Release|Any CPU
		{9B8C9CCF-1DD6-4050-AB4B-40D5B1CF1D09}.Release|iPhone.Deploy.0 = Release|Any CPU
		{9B8C9CCF-1DD6-4050-AB4B-40D5B1CF1D09}.Release|iPhoneSimulator.ActiveCfg = Release|Any CPU
		{9B8C9CCF-1DD6-4050-AB4B-40D5B1CF1D09}.Release|iPhoneSimulator.Build.0 = Release|Any CPU
		{9B8C9CCF-1DD6-4050-AB4B-40D5B1CF1D09}.Release|iPhoneSimulator.Deploy.0 = Release|Any CPU
		{9B8C9CCF-1DD6-4050-AB4B-40D5B1CF1D09}.Release|x64.ActiveCfg = Release|Any CPU
		{9B8C9CCF-1DD6-4050-AB4B-40D5B1CF1D09}.Release|x64.Build.0 = Release|Any CPU
		{9B8C9CCF-1DD6-4050-AB4B-40D5B1CF1D09}.Release|x64.Deploy.0 = Release|Any CPU
		{9B8C9CCF-1DD6-4050-AB4B-40D5B1CF1D09}.Release|x86.ActiveCfg = Release|Any CPU
		{9B8C9CCF-1DD6-4050-AB4B-40D5B1CF1D09}.Release|x86.Build.0 = Release|Any CPU
		{9B8C9CCF-1DD6-4050-AB4B-40D5B1CF1D09}.Release|x86.Deploy.0 = Release|Any CPU
		{7D2E35D1-75D7-4996-BE5E-48B23B784934}.Ad-Hoc|Any CPU.ActiveCfg = Ad-Hoc|iPhone
		{7D2E35D1-75D7-4996-BE5E-48B23B784934}.Ad-Hoc|Any CPU.Build.0 = Ad-Hoc|iPhone
		{7D2E35D1-75D7-4996-BE5E-48B23B784934}.Ad-Hoc|Any CPU.Deploy.0 = Ad-Hoc|iPhone
		{7D2E35D1-75D7-4996-BE5E-48B23B784934}.Ad-Hoc|ARM.ActiveCfg = Ad-Hoc|iPhone
		{7D2E35D1-75D7-4996-BE5E-48B23B784934}.Ad-Hoc|ARM.Build.0 = Ad-Hoc|iPhone
		{7D2E35D1-75D7-4996-BE5E-48B23B784934}.Ad-Hoc|ARM.Deploy.0 = Ad-Hoc|iPhone
		{7D2E35D1-75D7-4996-BE5E-48B23B784934}.Ad-Hoc|iPhone.ActiveCfg = Ad-Hoc|iPhone
		{7D2E35D1-75D7-4996-BE5E-48B23B784934}.Ad-Hoc|iPhone.Build.0 = Ad-Hoc|iPhone
		{7D2E35D1-75D7-4996-BE5E-48B23B784934}.Ad-Hoc|iPhone.Deploy.0 = Ad-Hoc|iPhone
		{7D2E35D1-75D7-4996-BE5E-48B23B784934}.Ad-Hoc|iPhoneSimulator.ActiveCfg = Ad-Hoc|iPhoneSimulator
		{7D2E35D1-75D7-4996-BE5E-48B23B784934}.Ad-Hoc|iPhoneSimulator.Build.0 = Ad-Hoc|iPhoneSimulator
		{7D2E35D1-75D7-4996-BE5E-48B23B784934}.Ad-Hoc|iPhoneSimulator.Deploy.0 = Ad-Hoc|iPhoneSimulator
		{7D2E35D1-75D7-4996-BE5E-48B23B784934}.Ad-Hoc|x64.ActiveCfg = Ad-Hoc|iPhone
		{7D2E35D1-75D7-4996-BE5E-48B23B784934}.Ad-Hoc|x64.Build.0 = Ad-Hoc|iPhone
		{7D2E35D1-75D7-4996-BE5E-48B23B784934}.Ad-Hoc|x64.Deploy.0 = Ad-Hoc|iPhone
		{7D2E35D1-75D7-4996-BE5E-48B23B784934}.Ad-Hoc|x86.ActiveCfg = Ad-Hoc|iPhone
		{7D2E35D1-75D7-4996-BE5E-48B23B784934}.Ad-Hoc|x86.Build.0 = Ad-Hoc|iPhone
		{7D2E35D1-75D7-4996-BE5E-48B23B784934}.Ad-Hoc|x86.Deploy.0 = Ad-Hoc|iPhone
		{7D2E35D1-75D7-4996-BE5E-48B23B784934}.AppStore|Any CPU.ActiveCfg = AppStore|iPhone
		{7D2E35D1-75D7-4996-BE5E-48B23B784934}.AppStore|Any CPU.Build.0 = AppStore|iPhone
		{7D2E35D1-75D7-4996-BE5E-48B23B784934}.AppStore|Any CPU.Deploy.0 = AppStore|iPhone
		{7D2E35D1-75D7-4996-BE5E-48B23B784934}.AppStore|ARM.ActiveCfg = AppStore|iPhone
		{7D2E35D1-75D7-4996-BE5E-48B23B784934}.AppStore|ARM.Build.0 = AppStore|iPhone
		{7D2E35D1-75D7-4996-BE5E-48B23B784934}.AppStore|ARM.Deploy.0 = AppStore|iPhone
		{7D2E35D1-75D7-4996-BE5E-48B23B784934}.AppStore|iPhone.ActiveCfg = AppStore|iPhone
		{7D2E35D1-75D7-4996-BE5E-48B23B784934}.AppStore|iPhone.Build.0 = AppStore|iPhone
		{7D2E35D1-75D7-4996-BE5E-48B23B784934}.AppStore|iPhone.Deploy.0 = AppStore|iPhone
		{7D2E35D1-75D7-4996-BE5E-48B23B784934}.AppStore|iPhoneSimulator.ActiveCfg = AppStore|iPhoneSimulator
		{7D2E35D1-75D7-4996-BE5E-48B23B784934}.AppStore|iPhoneSimulator.Build.0 = AppStore|iPhoneSimulator
		{7D2E35D1-75D7-4996-BE5E-48B23B784934}.AppStore|iPhoneSimulator.Deploy.0 = AppStore|iPhoneSimulator
		{7D2E35D1-75D7-4996-BE5E-48B23B784934}.AppStore|x64.ActiveCfg = AppStore|iPhone
		{7D2E35D1-75D7-4996-BE5E-48B23B784934}.AppStore|x64.Build.0 = AppStore|iPhone
		{7D2E35D1-75D7-4996-BE5E-48B23B784934}.AppStore|x64.Deploy.0 = AppStore|iPhone
		{7D2E35D1-75D7-4996-BE5E-48B23B784934}.AppStore|x86.ActiveCfg = AppStore|iPhone
		{7D2E35D1-75D7-4996-BE5E-48B23B784934}.AppStore|x86.Build.0 = AppStore|iPhone
		{7D2E35D1-75D7-4996-BE5E-48B23B784934}.AppStore|x86.Deploy.0 = AppStore|iPhone
		{7D2E35D1-75D7-4996-BE5E-48B23B784934}.Debug|Any CPU.ActiveCfg = Debug|iPhoneSimulator
		{7D2E35D1-75D7-4996-BE5E-48B23B784934}.Debug|Any CPU.Build.0 = Debug|iPhoneSimulator
		{7D2E35D1-75D7-4996-BE5E-48B23B784934}.Debug|Any CPU.Deploy.0 = Debug|iPhoneSimulator
		{7D2E35D1-75D7-4996-BE5E-48B23B784934}.Debug|ARM.ActiveCfg = Debug|iPhone
		{7D2E35D1-75D7-4996-BE5E-48B23B784934}.Debug|ARM.Build.0 = Debug|iPhone
		{7D2E35D1-75D7-4996-BE5E-48B23B784934}.Debug|ARM.Deploy.0 = Debug|iPhone
		{7D2E35D1-75D7-4996-BE5E-48B23B784934}.Debug|iPhone.ActiveCfg = Debug|iPhone
		{7D2E35D1-75D7-4996-BE5E-48B23B784934}.Debug|iPhone.Build.0 = Debug|iPhone
		{7D2E35D1-75D7-4996-BE5E-48B23B784934}.Debug|iPhone.Deploy.0 = Debug|iPhone
		{7D2E35D1-75D7-4996-BE5E-48B23B784934}.Debug|iPhoneSimulator.ActiveCfg = Debug|iPhoneSimulator
		{7D2E35D1-75D7-4996-BE5E-48B23B784934}.Debug|iPhoneSimulator.Build.0 = Debug|iPhoneSimulator
		{7D2E35D1-75D7-4996-BE5E-48B23B784934}.Debug|iPhoneSimulator.Deploy.0 = Debug|iPhoneSimulator
		{7D2E35D1-75D7-4996-BE5E-48B23B784934}.Debug|x64.ActiveCfg = Debug|iPhone
		{7D2E35D1-75D7-4996-BE5E-48B23B784934}.Debug|x64.Build.0 = Debug|iPhone
		{7D2E35D1-75D7-4996-BE5E-48B23B784934}.Debug|x64.Deploy.0 = Debug|iPhone
		{7D2E35D1-75D7-4996-BE5E-48B23B784934}.Debug|x86.ActiveCfg = Debug|iPhone
		{7D2E35D1-75D7-4996-BE5E-48B23B784934}.Debug|x86.Build.0 = Debug|iPhone
		{7D2E35D1-75D7-4996-BE5E-48B23B784934}.Debug|x86.Deploy.0 = Debug|iPhone
		{7D2E35D1-75D7-4996-BE5E-48B23B784934}.Release|Any CPU.ActiveCfg = Release|iPhone
		{7D2E35D1-75D7-4996-BE5E-48B23B784934}.Release|Any CPU.Build.0 = Release|iPhone
		{7D2E35D1-75D7-4996-BE5E-48B23B784934}.Release|Any CPU.Deploy.0 = Release|iPhone
		{7D2E35D1-75D7-4996-BE5E-48B23B784934}.Release|ARM.ActiveCfg = Release|iPhone
		{7D2E35D1-75D7-4996-BE5E-48B23B784934}.Release|ARM.Build.0 = Release|iPhone
		{7D2E35D1-75D7-4996-BE5E-48B23B784934}.Release|ARM.Deploy.0 = Release|iPhone
		{7D2E35D1-75D7-4996-BE5E-48B23B784934}.Release|iPhone.ActiveCfg = Release|iPhone
		{7D2E35D1-75D7-4996-BE5E-48B23B784934}.Release|iPhone.Build.0 = Release|iPhone
		{7D2E35D1-75D7-4996-BE5E-48B23B784934}.Release|iPhone.Deploy.0 = Release|iPhone
		{7D2E35D1-75D7-4996-BE5E-48B23B784934}.Release|iPhoneSimulator.ActiveCfg = Release|iPhoneSimulator
		{7D2E35D1-75D7-4996-BE5E-48B23B784934}.Release|iPhoneSimulator.Build.0 = Release|iPhoneSimulator
		{7D2E35D1-75D7-4996-BE5E-48B23B784934}.Release|iPhoneSimulator.Deploy.0 = Release|iPhoneSimulator
		{7D2E35D1-75D7-4996-BE5E-48B23B784934}.Release|x64.ActiveCfg = Release|iPhone
		{7D2E35D1-75D7-4996-BE5E-48B23B784934}.Release|x64.Build.0 = Release|iPhone
		{7D2E35D1-75D7-4996-BE5E-48B23B784934}.Release|x64.Deploy.0 = Release|iPhone
		{7D2E35D1-75D7-4996-BE5E-48B23B784934}.Release|x86.ActiveCfg = Release|iPhone
		{7D2E35D1-75D7-4996-BE5E-48B23B784934}.Release|x86.Build.0 = Release|iPhone
		{7D2E35D1-75D7-4996-BE5E-48B23B784934}.Release|x86.Deploy.0 = Release|iPhone
		{9D400270-E996-4B1D-B8F5-B90AB3E735C7}.Ad-Hoc|Any CPU.ActiveCfg = Release|x86
		{9D400270-E996-4B1D-B8F5-B90AB3E735C7}.Ad-Hoc|Any CPU.Build.0 = Release|x86
		{9D400270-E996-4B1D-B8F5-B90AB3E735C7}.Ad-Hoc|Any CPU.Deploy.0 = Release|x86
		{9D400270-E996-4B1D-B8F5-B90AB3E735C7}.Ad-Hoc|ARM.ActiveCfg = Release|ARM
		{9D400270-E996-4B1D-B8F5-B90AB3E735C7}.Ad-Hoc|ARM.Build.0 = Release|ARM
		{9D400270-E996-4B1D-B8F5-B90AB3E735C7}.Ad-Hoc|ARM.Deploy.0 = Release|ARM
		{9D400270-E996-4B1D-B8F5-B90AB3E735C7}.Ad-Hoc|iPhone.ActiveCfg = Release|x86
		{9D400270-E996-4B1D-B8F5-B90AB3E735C7}.Ad-Hoc|iPhone.Build.0 = Release|x86
		{9D400270-E996-4B1D-B8F5-B90AB3E735C7}.Ad-Hoc|iPhone.Deploy.0 = Release|x86
		{9D400270-E996-4B1D-B8F5-B90AB3E735C7}.Ad-Hoc|iPhoneSimulator.ActiveCfg = Release|x86
		{9D400270-E996-4B1D-B8F5-B90AB3E735C7}.Ad-Hoc|iPhoneSimulator.Build.0 = Release|x86
		{9D400270-E996-4B1D-B8F5-B90AB3E735C7}.Ad-Hoc|iPhoneSimulator.Deploy.0 = Release|x86
		{9D400270-E996-4B1D-B8F5-B90AB3E735C7}.Ad-Hoc|x64.ActiveCfg = Release|x64
		{9D400270-E996-4B1D-B8F5-B90AB3E735C7}.Ad-Hoc|x64.Build.0 = Release|x64
		{9D400270-E996-4B1D-B8F5-B90AB3E735C7}.Ad-Hoc|x64.Deploy.0 = Release|x64
		{9D400270-E996-4B1D-B8F5-B90AB3E735C7}.Ad-Hoc|x86.ActiveCfg = Release|x86
		{9D400270-E996-4B1D-B8F5-B90AB3E735C7}.Ad-Hoc|x86.Build.0 = Release|x86
		{9D400270-E996-4B1D-B8F5-B90AB3E735C7}.Ad-Hoc|x86.Deploy.0 = Release|x86
		{9D400270-E996-4B1D-B8F5-B90AB3E735C7}.AppStore|Any CPU.ActiveCfg = Release|x86
		{9D400270-E996-4B1D-B8F5-B90AB3E735C7}.AppStore|Any CPU.Build.0 = Release|x86
		{9D400270-E996-4B1D-B8F5-B90AB3E735C7}.AppStore|Any CPU.Deploy.0 = Release|x86
		{9D400270-E996-4B1D-B8F5-B90AB3E735C7}.AppStore|ARM.ActiveCfg = Release|ARM
		{9D400270-E996-4B1D-B8F5-B90AB3E735C7}.AppStore|ARM.Build.0 = Release|ARM
		{9D400270-E996-4B1D-B8F5-B90AB3E735C7}.AppStore|ARM.Deploy.0 = Release|ARM
		{9D400270-E996-4B1D-B8F5-B90AB3E735C7}.AppStore|iPhone.ActiveCfg = Release|x86
		{9D400270-E996-4B1D-B8F5-B90AB3E735C7}.AppStore|iPhone.Build.0 = Release|x86
		{9D400270-E996-4B1D-B8F5-B90AB3E735C7}.AppStore|iPhone.Deploy.0 = Release|x86
		{9D400270-E996-4B1D-B8F5-B90AB3E735C7}.AppStore|iPhoneSimulator.ActiveCfg = Release|x86
		{9D400270-E996-4B1D-B8F5-B90AB3E735C7}.AppStore|iPhoneSimulator.Build.0 = Release|x86
		{9D400270-E996-4B1D-B8F5-B90AB3E735C7}.AppStore|iPhoneSimulator.Deploy.0 = Release|x86
		{9D400270-E996-4B1D-B8F5-B90AB3E735C7}.AppStore|x64.ActiveCfg = Release|x64
		{9D400270-E996-4B1D-B8F5-B90AB3E735C7}.AppStore|x64.Build.0 = Release|x64
		{9D400270-E996-4B1D-B8F5-B90AB3E735C7}.AppStore|x64.Deploy.0 = Release|x64
		{9D400270-E996-4B1D-B8F5-B90AB3E735C7}.AppStore|x86.ActiveCfg = Release|x86
		{9D400270-E996-4B1D-B8F5-B90AB3E735C7}.AppStore|x86.Build.0 = Release|x86
		{9D400270-E996-4B1D-B8F5-B90AB3E735C7}.AppStore|x86.Deploy.0 = Release|x86
		{9D400270-E996-4B1D-B8F5-B90AB3E735C7}.Debug|Any CPU.ActiveCfg = Debug|x86
		{9D400270-E996-4B1D-B8F5-B90AB3E735C7}.Debug|Any CPU.Build.0 = Debug|x86
		{9D400270-E996-4B1D-B8F5-B90AB3E735C7}.Debug|Any CPU.Deploy.0 = Debug|x86
		{9D400270-E996-4B1D-B8F5-B90AB3E735C7}.Debug|ARM.ActiveCfg = Debug|ARM
		{9D400270-E996-4B1D-B8F5-B90AB3E735C7}.Debug|ARM.Build.0 = Debug|ARM
		{9D400270-E996-4B1D-B8F5-B90AB3E735C7}.Debug|ARM.Deploy.0 = Debug|ARM
		{9D400270-E996-4B1D-B8F5-B90AB3E735C7}.Debug|iPhone.ActiveCfg = Debug|x86
		{9D400270-E996-4B1D-B8F5-B90AB3E735C7}.Debug|iPhone.Build.0 = Debug|x86
		{9D400270-E996-4B1D-B8F5-B90AB3E735C7}.Debug|iPhone.Deploy.0 = Debug|x86
		{9D400270-E996-4B1D-B8F5-B90AB3E735C7}.Debug|iPhoneSimulator.ActiveCfg = Debug|x86
		{9D400270-E996-4B1D-B8F5-B90AB3E735C7}.Debug|iPhoneSimulator.Build.0 = Debug|x86
		{9D400270-E996-4B1D-B8F5-B90AB3E735C7}.Debug|iPhoneSimulator.Deploy.0 = Debug|x86
		{9D400270-E996-4B1D-B8F5-B90AB3E735C7}.Debug|x64.ActiveCfg = Debug|x64
		{9D400270-E996-4B1D-B8F5-B90AB3E735C7}.Debug|x64.Build.0 = Debug|x64
		{9D400270-E996-4B1D-B8F5-B90AB3E735C7}.Debug|x64.Deploy.0 = Debug|x64
		{9D400270-E996-4B1D-B8F5-B90AB3E735C7}.Debug|x86.ActiveCfg = Debug|x86
		{9D400270-E996-4B1D-B8F5-B90AB3E735C7}.Debug|x86.Build.0 = Debug|x86
		{9D400270-E996-4B1D-B8F5-B90AB3E735C7}.Debug|x86.Deploy.0 = Debug|x86
		{9D400270-E996-4B1D-B8F5-B90AB3E735C7}.Release|Any CPU.ActiveCfg = Release|x86
		{9D400270-E996-4B1D-B8F5-B90AB3E735C7}.Release|Any CPU.Build.0 = Release|x86
		{9D400270-E996-4B1D-B8F5-B90AB3E735C7}.Release|Any CPU.Deploy.0 = Release|x86
		{9D400270-E996-4B1D-B8F5-B90AB3E735C7}.Release|ARM.ActiveCfg = Release|ARM
		{9D400270-E996-4B1D-B8F5-B90AB3E735C7}.Release|ARM.Build.0 = Release|ARM
		{9D400270-E996-4B1D-B8F5-B90AB3E735C7}.Release|ARM.Deploy.0 = Release|ARM
		{9D400270-E996-4B1D-B8F5-B90AB3E735C7}.Release|iPhone.ActiveCfg = Release|x86
		{9D400270-E996-4B1D-B8F5-B90AB3E735C7}.Release|iPhone.Build.0 = Release|x86
		{9D400270-E996-4B1D-B8F5-B90AB3E735C7}.Release|iPhone.Deploy.0 = Release|x86
		{9D400270-E996-4B1D-B8F5-B90AB3E735C7}.Release|iPhoneSimulator.ActiveCfg = Release|x86
		{9D400270-E996-4B1D-B8F5-B90AB3E735C7}.Release|iPhoneSimulator.Build.0 = Release|x86
		{9D400270-E996-4B1D-B8F5-B90AB3E735C7}.Release|iPhoneSimulator.Deploy.0 = Release|x86
		{9D400270-E996-4B1D-B8F5-B90AB3E735C7}.Release|x64.ActiveCfg = Release|x64
		{9D400270-E996-4B1D-B8F5-B90AB3E735C7}.Release|x64.Build.0 = Release|x64
		{9D400270-E996-4B1D-B8F5-B90AB3E735C7}.Release|x64.Deploy.0 = Release|x64
		{9D400270-E996-4B1D-B8F5-B90AB3E735C7}.Release|x86.ActiveCfg = Release|x86
		{9D400270-E996-4B1D-B8F5-B90AB3E735C7}.Release|x86.Build.0 = Release|x86
		{9D400270-E996-4B1D-B8F5-B90AB3E735C7}.Release|x86.Deploy.0 = Release|x86
		{48C70979-75F8-4ED6-A15A-75A816A40536}.Ad-Hoc|Any CPU.ActiveCfg = Debug|Any CPU
		{48C70979-75F8-4ED6-A15A-75A816A40536}.Ad-Hoc|Any CPU.Build.0 = Debug|Any CPU
		{48C70979-75F8-4ED6-A15A-75A816A40536}.Ad-Hoc|Any CPU.Deploy.0 = Debug|Any CPU
		{48C70979-75F8-4ED6-A15A-75A816A40536}.Ad-Hoc|ARM.ActiveCfg = Debug|Any CPU
		{48C70979-75F8-4ED6-A15A-75A816A40536}.Ad-Hoc|ARM.Build.0 = Debug|Any CPU
		{48C70979-75F8-4ED6-A15A-75A816A40536}.Ad-Hoc|ARM.Deploy.0 = Debug|Any CPU
		{48C70979-75F8-4ED6-A15A-75A816A40536}.Ad-Hoc|iPhone.ActiveCfg = Debug|Any CPU
		{48C70979-75F8-4ED6-A15A-75A816A40536}.Ad-Hoc|iPhone.Build.0 = Debug|Any CPU
		{48C70979-75F8-4ED6-A15A-75A816A40536}.Ad-Hoc|iPhone.Deploy.0 = Debug|Any CPU
		{48C70979-75F8-4ED6-A15A-75A816A40536}.Ad-Hoc|iPhoneSimulator.ActiveCfg = Debug|Any CPU
		{48C70979-75F8-4ED6-A15A-75A816A40536}.Ad-Hoc|iPhoneSimulator.Build.0 = Debug|Any CPU
		{48C70979-75F8-4ED6-A15A-75A816A40536}.Ad-Hoc|iPhoneSimulator.Deploy.0 = Debug|Any CPU
		{48C70979-75F8-4ED6-A15A-75A816A40536}.Ad-Hoc|x64.ActiveCfg = Debug|Any CPU
		{48C70979-75F8-4ED6-A15A-75A816A40536}.Ad-Hoc|x64.Build.0 = Debug|Any CPU
		{48C70979-75F8-4ED6-A15A-75A816A40536}.Ad-Hoc|x64.Deploy.0 = Debug|Any CPU
		{48C70979-75F8-4ED6-A15A-75A816A40536}.Ad-Hoc|x86.ActiveCfg = Debug|Any CPU
		{48C70979-75F8-4ED6-A15A-75A816A40536}.Ad-Hoc|x86.Build.0 = Debug|Any CPU
		{48C70979-75F8-4ED6-A15A-75A816A40536}.Ad-Hoc|x86.Deploy.0 = Debug|Any CPU
		{48C70979-75F8-4ED6-A15A-75A816A40536}.AppStore|Any CPU.ActiveCfg = Debug|Any CPU
		{48C70979-75F8-4ED6-A15A-75A816A40536}.AppStore|Any CPU.Build.0 = Debug|Any CPU
		{48C70979-75F8-4ED6-A15A-75A816A40536}.AppStore|Any CPU.Deploy.0 = Debug|Any CPU
		{48C70979-75F8-4ED6-A15A-75A816A40536}.AppStore|ARM.ActiveCfg = Debug|Any CPU
		{48C70979-75F8-4ED6-A15A-75A816A40536}.AppStore|ARM.Build.0 = Debug|Any CPU
		{48C70979-75F8-4ED6-A15A-75A816A40536}.AppStore|ARM.Deploy.0 = Debug|Any CPU
		{48C70979-75F8-4ED6-A15A-75A816A40536}.AppStore|iPhone.ActiveCfg = Debug|Any CPU
		{48C70979-75F8-4ED6-A15A-75A816A40536}.AppStore|iPhone.Build.0 = Debug|Any CPU
		{48C70979-75F8-4ED6-A15A-75A816A40536}.AppStore|iPhone.Deploy.0 = Debug|Any CPU
		{48C70979-75F8-4ED6-A15A-75A816A40536}.AppStore|iPhoneSimulator.ActiveCfg = Debug|Any CPU
		{48C70979-75F8-4ED6-A15A-75A816A40536}.AppStore|iPhoneSimulator.Build.0 = Debug|Any CPU
		{48C70979-75F8-4ED6-A15A-75A816A40536}.AppStore|iPhoneSimulator.Deploy.0 = Debug|Any CPU
		{48C70979-75F8-4ED6-A15A-75A816A40536}.AppStore|x64.ActiveCfg = Debug|Any CPU
		{48C70979-75F8-4ED6-A15A-75A816A40536}.AppStore|x64.Build.0 = Debug|Any CPU
		{48C70979-75F8-4ED6-A15A-75A816A40536}.AppStore|x64.Deploy.0 = Debug|Any CPU
		{48C70979-75F8-4ED6-A15A-75A816A40536}.AppStore|x86.ActiveCfg = Debug|Any CPU
		{48C70979-75F8-4ED6-A15A-75A816A40536}.AppStore|x86.Build.0 = Debug|Any CPU
		{48C70979-75F8-4ED6-A15A-75A816A40536}.AppStore|x86.Deploy.0 = Debug|Any CPU
		{48C70979-75F8-4ED6-A15A-75A816A40536}.Debug|Any CPU.ActiveCfg = Debug|Any CPU
		{48C70979-75F8-4ED6-A15A-75A816A40536}.Debug|Any CPU.Build.0 = Debug|Any CPU
		{48C70979-75F8-4ED6-A15A-75A816A40536}.Debug|Any CPU.Deploy.0 = Debug|Any CPU
		{48C70979-75F8-4ED6-A15A-75A816A40536}.Debug|ARM.ActiveCfg = Debug|Any CPU
		{48C70979-75F8-4ED6-A15A-75A816A40536}.Debug|ARM.Build.0 = Debug|Any CPU
		{48C70979-75F8-4ED6-A15A-75A816A40536}.Debug|ARM.Deploy.0 = Debug|Any CPU
		{48C70979-75F8-4ED6-A15A-75A816A40536}.Debug|iPhone.ActiveCfg = Debug|Any CPU
		{48C70979-75F8-4ED6-A15A-75A816A40536}.Debug|iPhone.Build.0 = Debug|Any CPU
		{48C70979-75F8-4ED6-A15A-75A816A40536}.Debug|iPhone.Deploy.0 = Debug|Any CPU
		{48C70979-75F8-4ED6-A15A-75A816A40536}.Debug|iPhoneSimulator.ActiveCfg = Debug|Any CPU
		{48C70979-75F8-4ED6-A15A-75A816A40536}.Debug|iPhoneSimulator.Build.0 = Debug|Any CPU
		{48C70979-75F8-4ED6-A15A-75A816A40536}.Debug|iPhoneSimulator.Deploy.0 = Debug|Any CPU
		{48C70979-75F8-4ED6-A15A-75A816A40536}.Debug|x64.ActiveCfg = Debug|Any CPU
		{48C70979-75F8-4ED6-A15A-75A816A40536}.Debug|x64.Build.0 = Debug|Any CPU
		{48C70979-75F8-4ED6-A15A-75A816A40536}.Debug|x64.Deploy.0 = Debug|Any CPU
		{48C70979-75F8-4ED6-A15A-75A816A40536}.Debug|x86.ActiveCfg = Debug|Any CPU
		{48C70979-75F8-4ED6-A15A-75A816A40536}.Debug|x86.Build.0 = Debug|Any CPU
		{48C70979-75F8-4ED6-A15A-75A816A40536}.Debug|x86.Deploy.0 = Debug|Any CPU
		{48C70979-75F8-4ED6-A15A-75A816A40536}.Release|Any CPU.ActiveCfg = Release|Any CPU
		{48C70979-75F8-4ED6-A15A-75A816A40536}.Release|Any CPU.Build.0 = Release|Any CPU
		{48C70979-75F8-4ED6-A15A-75A816A40536}.Release|Any CPU.Deploy.0 = Release|Any CPU
		{48C70979-75F8-4ED6-A15A-75A816A40536}.Release|ARM.ActiveCfg = Release|Any CPU
		{48C70979-75F8-4ED6-A15A-75A816A40536}.Release|ARM.Build.0 = Release|Any CPU
		{48C70979-75F8-4ED6-A15A-75A816A40536}.Release|ARM.Deploy.0 = Release|Any CPU
		{48C70979-75F8-4ED6-A15A-75A816A40536}.Release|iPhone.ActiveCfg = Release|Any CPU
		{48C70979-75F8-4ED6-A15A-75A816A40536}.Release|iPhone.Build.0 = Release|Any CPU
		{48C70979-75F8-4ED6-A15A-75A816A40536}.Release|iPhone.Deploy.0 = Release|Any CPU
		{48C70979-75F8-4ED6-A15A-75A816A40536}.Release|iPhoneSimulator.ActiveCfg = Release|Any CPU
		{48C70979-75F8-4ED6-A15A-75A816A40536}.Release|iPhoneSimulator.Build.0 = Release|Any CPU
		{48C70979-75F8-4ED6-A15A-75A816A40536}.Release|iPhoneSimulator.Deploy.0 = Release|Any CPU
		{48C70979-75F8-4ED6-A15A-75A816A40536}.Release|x64.ActiveCfg = Release|Any CPU
		{48C70979-75F8-4ED6-A15A-75A816A40536}.Release|x64.Build.0 = Release|Any CPU
		{48C70979-75F8-4ED6-A15A-75A816A40536}.Release|x64.Deploy.0 = Release|Any CPU
		{48C70979-75F8-4ED6-A15A-75A816A40536}.Release|x86.ActiveCfg = Release|Any CPU
		{48C70979-75F8-4ED6-A15A-75A816A40536}.Release|x86.Build.0 = Release|Any CPU
		{48C70979-75F8-4ED6-A15A-75A816A40536}.Release|x86.Deploy.0 = Release|Any CPU
	EndGlobalSection
	GlobalSection(SolutionProperties) = preSolution
		HideSolutionNode = FALSE
	EndGlobalSection
	GlobalSection(ExtensibilityGlobals) = postSolution
		SolutionGuid = {B9675B6D-5327-4488-93E5-7BC6841C4DBB}
	EndGlobalSection
EndGlobal
